Microsoft Visual Studio Solution File, Format Version 12.00
# Visual Studio 14
VisualStudioVersion = 14.0.25123.0
MinimumVisualStudioVersion = 10.0.40219.1
Project("{2150E333-8FDC-42A3-9474-1A3956D46DE8}") = ".paket", ".paket", "{63297B98-5CED-492C-A5B7-A5B4F73CF142}"
	ProjectSection(SolutionItems) = preProject
		paket.dependencies = paket.dependencies
		paket.lock = paket.lock
	EndProjectSection
EndProject
Project("{2150E333-8FDC-42A3-9474-1A3956D46DE8}") = "docs", "docs", "{A6A6AF7D-D6E3-442D-9B1E-58CC91879BE1}"
EndProject
Project("{F2A71F9B-5D33-465A-A702-920D77279786}") = "BrightSword.CSharpExtensions.DiscriminatedUnion", "src\BrightSword.CSharpExtensions.DiscriminatedUnion\BrightSword.CSharpExtensions.DiscriminatedUnion.fsproj", "{BADD2E7C-35A6-413B-A4C8-F291A8FFCB94}"
EndProject
Project("{2150E333-8FDC-42A3-9474-1A3956D46DE8}") = "project", "project", "{BF60BC93-E09B-4E5F-9D85-95A519479D54}"
	ProjectSection(SolutionItems) = preProject
		build.fsx = build.fsx
		README.md = README.md
		RELEASE_NOTES.md = RELEASE_NOTES.md
	EndProjectSection
EndProject
Project("{2150E333-8FDC-42A3-9474-1A3956D46DE8}") = "tools", "tools", "{83F16175-43B1-4C90-A1EE-8E351C33435D}"
	ProjectSection(SolutionItems) = preProject
		docs\tools\generate.fsx = docs\tools\generate.fsx
		docs\tools\templates\template.cshtml = docs\tools\templates\template.cshtml
	EndProjectSection
EndProject
Project("{2150E333-8FDC-42A3-9474-1A3956D46DE8}") = "content", "content", "{8E6D5255-776D-4B61-85F9-73C37AA1FB9A}"
	ProjectSection(SolutionItems) = preProject
		docs\content\index.fsx = docs\content\index.fsx
		docs\content\tutorial.fsx = docs\content\tutorial.fsx
	EndProjectSection
EndProject
Project("{2150E333-8FDC-42A3-9474-1A3956D46DE8}") = "tests", "tests", "{ED8079DD-2B06-4030-9F0F-DC548F98E1C4}"
EndProject
Project("{F2A71F9B-5D33-465A-A702-920D77279786}") = "BrightSword.CSharpExtensions.DiscriminatedUnion.Tests", "tests\BrightSword.CSharpExtensions.DiscriminatedUnion.Tests\BrightSword.CSharpExtensions.DiscriminatedUnion.Tests.fsproj", "{1227F507-F770-483E-8E8B-C90B1E14E316}"
EndProject
Project("{FAE04EC0-301F-11D3-BF4B-00C04F79EFBC}") = "BrightSword.CSharpExtensions.Reference", "BrightSword.CSharpExtensions.Reference\BrightSword.CSharpExtensions.Reference.csproj", "{75FCAE41-6E9E-4E79-B77C-6BD77F71A11A}"
EndProject
Project("{F2A71F9B-5D33-465A-A702-920D77279786}") = "CSharp.UnionTypes.CLI", "src\CSharp.UnionTypes.CLI\CSharp.UnionTypes.CLI.fsproj", "{F001C7B3-3597-4533-9FFE-C817F27AB4AA}"
EndProject
Project("{FAE04EC0-301F-11D3-BF4B-00C04F79EFBC}") = "CSharp.UnionTypes.VSIX", "src\CSharp.UnionTypes.VSIX\CSharp.UnionTypes.VSIX.csproj", "{F074D8D0-3418-42C9-9F23-9834B392ECB4}"
EndProject
Global
	GlobalSection(SolutionConfigurationPlatforms) = preSolution
		Debug|Any CPU = Debug|Any CPU
		Release|Any CPU = Release|Any CPU
	EndGlobalSection
	GlobalSection(ProjectConfigurationPlatforms) = postSolution
		{BADD2E7C-35A6-413B-A4C8-F291A8FFCB94}.Debug|Any CPU.ActiveCfg = Debug|Any CPU
		{BADD2E7C-35A6-413B-A4C8-F291A8FFCB94}.Debug|Any CPU.Build.0 = Debug|Any CPU
		{BADD2E7C-35A6-413B-A4C8-F291A8FFCB94}.Release|Any CPU.ActiveCfg = Release|Any CPU
		{BADD2E7C-35A6-413B-A4C8-F291A8FFCB94}.Release|Any CPU.Build.0 = Release|Any CPU
		{1227F507-F770-483E-8E8B-C90B1E14E316}.Debug|Any CPU.ActiveCfg = Debug|Any CPU
		{1227F507-F770-483E-8E8B-C90B1E14E316}.Debug|Any CPU.Build.0 = Debug|Any CPU
		{1227F507-F770-483E-8E8B-C90B1E14E316}.Release|Any CPU.ActiveCfg = Release|Any CPU
		{1227F507-F770-483E-8E8B-C90B1E14E316}.Release|Any CPU.Build.0 = Release|Any CPU
		{75FCAE41-6E9E-4E79-B77C-6BD77F71A11A}.Debug|Any CPU.ActiveCfg = Debug|Any CPU
		{75FCAE41-6E9E-4E79-B77C-6BD77F71A11A}.Debug|Any CPU.Build.0 = Debug|Any CPU
		{75FCAE41-6E9E-4E79-B77C-6BD77F71A11A}.Release|Any CPU.ActiveCfg = Release|Any CPU
		{75FCAE41-6E9E-4E79-B77C-6BD77F71A11A}.Release|Any CPU.Build.0 = Release|Any CPU
		{F001C7B3-3597-4533-9FFE-C817F27AB4AA}.Debug|Any CPU.ActiveCfg = Debug|Any CPU
		{F001C7B3-3597-4533-9FFE-C817F27AB4AA}.Debug|Any CPU.Build.0 = Debug|Any CPU
		{F001C7B3-3597-4533-9FFE-C817F27AB4AA}.Release|Any CPU.ActiveCfg = Release|Any CPU
		{F001C7B3-3597-4533-9FFE-C817F27AB4AA}.Release|Any CPU.Build.0 = Release|Any CPU
		{F074D8D0-3418-42C9-9F23-9834B392ECB4}.Debug|Any CPU.ActiveCfg = Debug|Any CPU
		{F074D8D0-3418-42C9-9F23-9834B392ECB4}.Debug|Any CPU.Build.0 = Debug|Any CPU
		{F074D8D0-3418-42C9-9F23-9834B392ECB4}.Release|Any CPU.ActiveCfg = Release|Any CPU
		{F074D8D0-3418-42C9-9F23-9834B392ECB4}.Release|Any CPU.Build.0 = Release|Any CPU
	EndGlobalSection
	GlobalSection(SolutionProperties) = preSolution
		HideSolutionNode = FALSE
	EndGlobalSection
	GlobalSection(NestedProjects) = preSolution
		{83F16175-43B1-4C90-A1EE-8E351C33435D} = {A6A6AF7D-D6E3-442D-9B1E-58CC91879BE1}
		{8E6D5255-776D-4B61-85F9-73C37AA1FB9A} = {A6A6AF7D-D6E3-442D-9B1E-58CC91879BE1}
		{1227F507-F770-483E-8E8B-C90B1E14E316} = {ED8079DD-2B06-4030-9F0F-DC548F98E1C4}
		{75FCAE41-6E9E-4E79-B77C-6BD77F71A11A} = {ED8079DD-2B06-4030-9F0F-DC548F98E1C4}
	EndGlobalSection
EndGlobal
