Microsoft Visual Studio Solution File, Format Version 12.00
# Visual Studio Version 17
VisualStudioVersion = 17.11.34826.228
MinimumVisualStudioVersion = 10.0.40219.1
Project("{6EC3EE1D-3C4E-46DD-8F32-0CC8E7565705}") = "CSharp.UnionTypes.Parser", "src\CSharp.UnionTypes.Parser\CSharp.UnionTypes.Parser.fsproj", "{D7806561-B646-4523-BE38-48691B4AF683}"
EndProject
Project("{6EC3EE1D-3C4E-46DD-8F32-0CC8E7565705}") = "Tests.CSharp.UnionTypes.Parser", "tests\Tests.CSharp.UnionTypes.Parser\Tests.CSharp.UnionTypes.Parser.fsproj", "{5714EBD0-BF0E-4C6D-BD72-EB1944BD455E}"
EndProject
Project("{9A19103F-16F7-4668-BE54-9A1E7A4F7556}") = "CSharp.UnionTypes.TestApplication", "src\CSharp.UnionTypes.TestApplication\CSharp.UnionTypes.TestApplication.csproj", "{7E8FE3DA-41F6-4E2C-A9C2-26C1262E606E}"
EndProject
Global
	GlobalSection(SolutionConfigurationPlatforms) = preSolution
		Debug|Any CPU = Debug|Any CPU
		Release|Any CPU = Release|Any CPU
	EndGlobalSection
	GlobalSection(ProjectConfigurationPlatforms) = postSolution
		{D7806561-B646-4523-BE38-48691B4AF683}.Debug|Any CPU.ActiveCfg = Debug|Any CPU
		{D7806561-B646-4523-BE38-48691B4AF683}.Debug|Any CPU.Build.0 = Debug|Any CPU
		{D7806561-B646-4523-BE38-48691B4AF683}.Release|Any CPU.ActiveCfg = Release|Any CPU
		{D7806561-B646-4523-BE38-48691B4AF683}.Release|Any CPU.Build.0 = Release|Any CPU
		{5714EBD0-BF0E-4C6D-BD72-EB1944BD455E}.Debug|Any CPU.ActiveCfg = Debug|Any CPU
		{5714EBD0-BF0E-4C6D-BD72-EB1944BD455E}.Debug|Any CPU.Build.0 = Debug|Any CPU
		{5714EBD0-BF0E-4C6D-BD72-EB1944BD455E}.Release|Any CPU.ActiveCfg = Release|Any CPU
		{5714EBD0-BF0E-4C6D-BD72-EB1944BD455E}.Release|Any CPU.Build.0 = Release|Any CPU
		{7E8FE3DA-41F6-4E2C-A9C2-26C1262E606E}.Debug|Any CPU.ActiveCfg = Debug|Any CPU
		{7E8FE3DA-41F6-4E2C-A9C2-26C1262E606E}.Debug|Any CPU.Build.0 = Debug|Any CPU
		{7E8FE3DA-41F6-4E2C-A9C2-26C1262E606E}.Release|Any CPU.ActiveCfg = Release|Any CPU
		{7E8FE3DA-41F6-4E2C-A9C2-26C1262E606E}.Release|Any CPU.Build.0 = Release|Any CPU
	EndGlobalSection
	GlobalSection(SolutionProperties) = preSolution
		HideSolutionNode = FALSE
	EndGlobalSection
	GlobalSection(ExtensibilityGlobals) = postSolution
		SolutionGuid = {89833BB8-2427-4FB8-8FA3-E35F7C9BCCCF}
	EndGlobalSection
EndGlobal
